{
    "_readme": [
        "This file locks the dependencies of your project to a known state",
        "Read more about it at https://getcomposer.org/doc/01-basic-usage.md#composer-lock-the-lock-file",
        "This file is @generated automatically"
    ],
    "content-hash": "432dd56d4f71cfba76876a200231d6a0",
    "packages": [
        {
            "name": "brick/date-time",
            "version": "0.1.2",
            "source": {
                "type": "git",
                "url": "https://github.com/brick/date-time.git",
                "reference": "6766b9a7911829f7da37d3a2e3bb09c6f5c14353"
            },
            "dist": {
                "type": "zip",
                "url": "https://api.github.com/repos/brick/date-time/zipball/6766b9a7911829f7da37d3a2e3bb09c6f5c14353",
                "reference": "6766b9a7911829f7da37d3a2e3bb09c6f5c14353",
                "shasum": ""
            },
            "require": {
                "php": ">=7.1"
            },
            "require-dev": {
                "phpunit/phpunit": "6.*",
                "satooshi/php-coveralls": "1.*"
            },
            "suggest": {
                "ext-timezonedb": "This PECL extension provides up-to-date timezone information"
            },
            "type": "library",
            "autoload": {
                "psr-4": {
                    "Brick\\DateTime\\": "src/",
                    "Brick\\DateTime\\Tests\\": "tests/"
                }
            },
            "notification-url": "https://packagist.org/downloads/",
            "license": [
                "MIT"
            ],
            "description": "Date and time library",
            "keywords": [
                "brick",
                "date",
                "time"
            ],
            "time": "2017-10-04T15:03:00+00:00"
        }
    ],
    "packages-dev": [],
    "aliases": [],
    "minimum-stability": "stable",
    "stability-flags": [],
    "prefer-stable": false,
    "prefer-lowest": false,
    "platform": [],
    "platform-dev": []
}
